
Microsoft Visual Studio Solution File, Format Version 12.00
# Visual Studio Version 17
VisualStudioVersion = 17.2.32630.192
MinimumVisualStudioVersion = 10.0.40219.1
Project("{FAE04EC0-301F-11D3-BF4B-00C04F79EFBC}") = "LinQ", "LinQ\LinQ.csproj", "{9C202601-3AE0-4D35-B78E-BD34EFA09A2A}"
EndProject
Global
	GlobalSection(SolutionConfigurationPlatforms) = preSolution
		Debug|Any CPU = Debug|Any CPU
		Release|Any CPU = Release|Any CPU
	EndGlobalSection
	GlobalSection(ProjectConfigurationPlatforms) = postSolution
		{9C202601-3AE0-4D35-B78E-BD34EFA09A2A}.Debug|Any CPU.ActiveCfg = Debug|Any CPU
		{9C202601-3AE0-4D35-B78E-BD34EFA09A2A}.Debug|Any CPU.Build.0 = Debug|Any CPU
		{9C202601-3AE0-4D35-B78E-BD34EFA09A2A}.Release|Any CPU.ActiveCfg = Release|Any CPU
		{9C202601-3AE0-4D35-B78E-BD34EFA09A2A}.Release|Any CPU.Build.0 = Release|Any CPU
	EndGlobalSection
	GlobalSection(SolutionProperties) = preSolution
		HideSolutionNode = FALSE
	EndGlobalSection
	GlobalSection(ExtensibilityGlobals) = postSolution
		SolutionGuid = {96DC70DC-550B-41C1-B5BF-C42ECB464324}
	EndGlobalSection
EndGlobal
